
Microsoft Visual Studio Solution File, Format Version 12.00
# Visual Studio Version 17
VisualStudioVersion = 17.10.34928.147
MinimumVisualStudioVersion = 10.0.40219.1
Project("{FAE04EC0-301F-11D3-BF4B-00C04F79EFBC}") = "GroceryCalculator", "GroceryCalculator\GroceryCalculator.csproj", "{EE4DCAAF-7513-4BAD-B5FA-CA05E5573BF5}"
EndProject
Project("{FAE04EC0-301F-11D3-BF4B-00C04F79EFBC}") = "GroceryShopCalculatorUnitTest", "GroceryShopCalculatorUnitTest\GroceryShopCalculatorUnitTest.csproj", "{969C8108-61DF-4E8F-B497-72D685A0B3C8}"
EndProject
Global
	GlobalSection(SolutionConfigurationPlatforms) = preSolution
		Debug|Any CPU = Debug|Any CPU
		Release|Any CPU = Release|Any CPU
	EndGlobalSection
	GlobalSection(ProjectConfigurationPlatforms) = postSolution
		{EE4DCAAF-7513-4BAD-B5FA-CA05E5573BF5}.Debug|Any CPU.ActiveCfg = Debug|Any CPU
		{EE4DCAAF-7513-4BAD-B5FA-CA05E5573BF5}.Debug|Any CPU.Build.0 = Debug|Any CPU
		{EE4DCAAF-7513-4BAD-B5FA-CA05E5573BF5}.Release|Any CPU.ActiveCfg = Release|Any CPU
		{EE4DCAAF-7513-4BAD-B5FA-CA05E5573BF5}.Release|Any CPU.Build.0 = Release|Any CPU
		{969C8108-61DF-4E8F-B497-72D685A0B3C8}.Debug|Any CPU.ActiveCfg = Debug|Any CPU
		{969C8108-61DF-4E8F-B497-72D685A0B3C8}.Debug|Any CPU.Build.0 = Debug|Any CPU
		{969C8108-61DF-4E8F-B497-72D685A0B3C8}.Release|Any CPU.ActiveCfg = Release|Any CPU
		{969C8108-61DF-4E8F-B497-72D685A0B3C8}.Release|Any CPU.Build.0 = Release|Any CPU
	EndGlobalSection
	GlobalSection(SolutionProperties) = preSolution
		HideSolutionNode = FALSE
	EndGlobalSection
	GlobalSection(ExtensibilityGlobals) = postSolution
		SolutionGuid = {82ED132B-B16D-43B3-8C08-FFB8D2827E32}
	EndGlobalSection
EndGlobal
